
Microsoft Visual Studio Solution File, Format Version 12.00
# Visual Studio Version 16
VisualStudioVersion = 16.0.31025.194
MinimumVisualStudioVersion = 10.0.40219.1
Project("{8BC9CEB8-8B4A-11D0-8D11-00A0C91BC942}") = "Hash Table Demo", "Hash Table Demo\Hash Table Demo.vcxproj", "{91977A70-10FD-4AD4-AD2B-BD9F0875A1D8}"
EndProject
Global
	GlobalSection(SolutionConfigurationPlatforms) = preSolution
		Debug|x64 = Debug|x64
		Debug|x86 = Debug|x86
		Release|x64 = Release|x64
		Release|x86 = Release|x86
	EndGlobalSection
	GlobalSection(ProjectConfigurationPlatforms) = postSolution
		{91977A70-10FD-4AD4-AD2B-BD9F0875A1D8}.Debug|x64.ActiveCfg = Debug|x64
		{91977A70-10FD-4AD4-AD2B-BD9F0875A1D8}.Debug|x64.Build.0 = Debug|x64
		{91977A70-10FD-4AD4-AD2B-BD9F0875A1D8}.Debug|x86.ActiveCfg = Debug|Win32
		{91977A70-10FD-4AD4-AD2B-BD9F0875A1D8}.Debug|x86.Build.0 = Debug|Win32
		{91977A70-10FD-4AD4-AD2B-BD9F0875A1D8}.Release|x64.ActiveCfg = Release|x64
		{91977A70-10FD-4AD4-AD2B-BD9F0875A1D8}.Release|x64.Build.0 = Release|x64
		{91977A70-10FD-4AD4-AD2B-BD9F0875A1D8}.Release|x86.ActiveCfg = Release|Win32
		{91977A70-10FD-4AD4-AD2B-BD9F0875A1D8}.Release|x86.Build.0 = Release|Win32
	EndGlobalSection
	GlobalSection(SolutionProperties) = preSolution
		HideSolutionNode = FALSE
	EndGlobalSection
	GlobalSection(ExtensibilityGlobals) = postSolution
		SolutionGuid = {19F35CB0-3A56-43F4-8F2F-0B08630F99A5}
	EndGlobalSection
EndGlobal
